// !$*UTF8*$!
{
	archiveVersion = 1;
	classes = {
	};
	objectVersion = 46;
	objects = {

/* Begin PBXBuildFile section */
		E30B986619F9777800624663 /* InPlaceOperationsTests.cpp in Sources */ = {isa = PBXBuildFile; fileRef = E30B986519F9777800624663 /* InPlaceOperationsTests.cpp */; };
		E30E400619F791E100220F56 /* QuickVectorCreationTests.cpp in Sources */ = {isa = PBXBuildFile; fileRef = E30E400419F791E100220F56 /* QuickVectorCreationTests.cpp */; };
		E30E400819F79A9200220F56 /* BooleanFunctionTests.cpp in Sources */ = {isa = PBXBuildFile; fileRef = E30E400719F79A9200220F56 /* BooleanFunctionTests.cpp */; };
		E324175819F7F8AA00625E21 /* UsefulFunctions.cpp in Sources */ = {isa = PBXBuildFile; fileRef = E324175719F7F8AA00625E21 /* UsefulFunctions.cpp */; };
		E324175B19F7FA5200625E21 /* DistancesAndSimilarityTests.cpp in Sources */ = {isa = PBXBuildFile; fileRef = E324175919F7FA5200625E21 /* DistancesAndSimilarityTests.cpp */; };
		E3C13A7E19F5634B009B0BE3 /* main.cpp in Sources */ = {isa = PBXBuildFile; fileRef = E3C13A7D19F5634B009B0BE3 /* main.cpp */; };
		E3C13A8719F56378009B0BE3 /* VectorToolkit.cpp in Sources */ = {isa = PBXBuildFile; fileRef = E3C13A8519F56378009B0BE3 /* VectorToolkit.cpp */; };
		E3C9AA2B19F7BA5C00F595C3 /* MaximaAndMinimaTests.cpp in Sources */ = {isa = PBXBuildFile; fileRef = E3C9AA2A19F7BA5C00F595C3 /* MaximaAndMinimaTests.cpp */; };
		E3DEAC1D19FAFFF4006E94B0 /* OperationsThatReturnVectors.cpp in Sources */ = {isa = PBXBuildFile; fileRef = E3DEAC1C19FAFFF4006E94B0 /* OperationsThatReturnVectors.cpp */; };
		E3DEAC1F19FB05CD006E94B0 /* VectorStatisticsTests.cpp in Sources */ = {isa = PBXBuildFile; fileRef = E3DEAC1E19FB05CD006E94B0 /* VectorStatisticsTests.cpp */; };
/* End PBXBuildFile section */

/* Begin PBXCopyFilesBuildPhase section */
		E3C13A7819F5634B009B0BE3 /* CopyFiles */ = {
			isa = PBXCopyFilesBuildPhase;
			buildActionMask = 2147483647;
			dstPath = /usr/share/man/man1/;
			dstSubfolderSpec = 0;
			files = (
			);
			runOnlyForDeploymentPostprocessing = 1;
		};
/* End PBXCopyFilesBuildPhase section */

/* Begin PBXFileReference section */
		E30B986519F9777800624663 /* InPlaceOperationsTests.cpp */ = {isa = PBXFileReference; fileEncoding = 4; lastKnownFileType = sourcecode.cpp.cpp; path = InPlaceOperationsTests.cpp; sourceTree = "<group>"; };
		E30E400419F791E100220F56 /* QuickVectorCreationTests.cpp */ = {isa = PBXFileReference; fileEncoding = 4; lastKnownFileType = sourcecode.cpp.cpp; path = QuickVectorCreationTests.cpp; sourceTree = "<group>"; };
		E30E400719F79A9200220F56 /* BooleanFunctionTests.cpp */ = {isa = PBXFileReference; fileEncoding = 4; lastKnownFileType = sourcecode.cpp.cpp; path = BooleanFunctionTests.cpp; sourceTree = "<group>"; };
		E324175719F7F8AA00625E21 /* UsefulFunctions.cpp */ = {isa = PBXFileReference; fileEncoding = 4; lastKnownFileType = sourcecode.cpp.cpp; path = UsefulFunctions.cpp; sourceTree = "<group>"; };
		E324175919F7FA5200625E21 /* DistancesAndSimilarityTests.cpp */ = {isa = PBXFileReference; fileEncoding = 4; lastKnownFileType = sourcecode.cpp.cpp; path = DistancesAndSimilarityTests.cpp; sourceTree = "<group>"; };
		E3C13A7A19F5634B009B0BE3 /* Vector Toolkit Tests */ = {isa = PBXFileReference; explicitFileType = "compiled.mach-o.executable"; includeInIndex = 0; path = "Vector Toolkit Tests"; sourceTree = BUILT_PRODUCTS_DIR; };
		E3C13A7D19F5634B009B0BE3 /* main.cpp */ = {isa = PBXFileReference; lastKnownFileType = sourcecode.cpp.cpp; path = main.cpp; sourceTree = "<group>"; };
		E3C13A8519F56378009B0BE3 /* VectorToolkit.cpp */ = {isa = PBXFileReference; fileEncoding = 4; lastKnownFileType = sourcecode.cpp.cpp; path = VectorToolkit.cpp; sourceTree = "<group>"; };
		E3C13A8619F56378009B0BE3 /* VectorToolkit.h */ = {isa = PBXFileReference; fileEncoding = 4; lastKnownFileType = sourcecode.c.h; path = VectorToolkit.h; sourceTree = "<group>"; };
		E3C9AA2A19F7BA5C00F595C3 /* MaximaAndMinimaTests.cpp */ = {isa = PBXFileReference; fileEncoding = 4; lastKnownFileType = sourcecode.cpp.cpp; path = MaximaAndMinimaTests.cpp; sourceTree = "<group>"; };
		E3DEAC1C19FAFFF4006E94B0 /* OperationsThatReturnVectors.cpp */ = {isa = PBXFileReference; fileEncoding = 4; lastKnownFileType = sourcecode.cpp.cpp; path = OperationsThatReturnVectors.cpp; sourceTree = "<group>"; };
		E3DEAC1E19FB05CD006E94B0 /* VectorStatisticsTests.cpp */ = {isa = PBXFileReference; fileEncoding = 4; lastKnownFileType = sourcecode.cpp.cpp; path = VectorStatisticsTests.cpp; sourceTree = "<group>"; };
/* End PBXFileReference section */

/* Begin PBXFrameworksBuildPhase section */
		E3C13A7719F5634B009B0BE3 /* Frameworks */ = {
			isa = PBXFrameworksBuildPhase;
			buildActionMask = 2147483647;
			files = (
			);
			runOnlyForDeploymentPostprocessing = 0;
		};
/* End PBXFrameworksBuildPhase section */

/* Begin PBXGroup section */
		E3C13A7119F5634B009B0BE3 = {
			isa = PBXGroup;
			children = (
				E3C13A7C19F5634B009B0BE3 /* Vector Toolkit Tests */,
				E3C13A8419F56378009B0BE3 /* src */,
				E3C13A7B19F5634B009B0BE3 /* Products */,
			);
			sourceTree = "<group>";
		};
		E3C13A7B19F5634B009B0BE3 /* Products */ = {
			isa = PBXGroup;
			children = (
				E3C13A7A19F5634B009B0BE3 /* Vector Toolkit Tests */,
			);
			name = Products;
			sourceTree = "<group>";
		};
		E3C13A7C19F5634B009B0BE3 /* Vector Toolkit Tests */ = {
			isa = PBXGroup;
			children = (
				E3C13A7D19F5634B009B0BE3 /* main.cpp */,
				E30E400719F79A9200220F56 /* BooleanFunctionTests.cpp */,
				E30E400419F791E100220F56 /* QuickVectorCreationTests.cpp */,
				E3C9AA2A19F7BA5C00F595C3 /* MaximaAndMinimaTests.cpp */,
				E324175719F7F8AA00625E21 /* UsefulFunctions.cpp */,
				E324175919F7FA5200625E21 /* DistancesAndSimilarityTests.cpp */,
				E30B986519F9777800624663 /* InPlaceOperationsTests.cpp */,
				E3DEAC1C19FAFFF4006E94B0 /* OperationsThatReturnVectors.cpp */,
				E3DEAC1E19FB05CD006E94B0 /* VectorStatisticsTests.cpp */,
			);
			path = "Vector Toolkit Tests";
			sourceTree = "<group>";
		};
		E3C13A8419F56378009B0BE3 /* src */ = {
			isa = PBXGroup;
			children = (
				E3C13A8519F56378009B0BE3 /* VectorToolkit.cpp */,
				E3C13A8619F56378009B0BE3 /* VectorToolkit.h */,
			);
			name = src;
			path = ../src;
			sourceTree = "<group>";
		};
/* End PBXGroup section */

/* Begin PBXNativeTarget section */
		E3C13A7919F5634B009B0BE3 /* Vector Toolkit Tests */ = {
			isa = PBXNativeTarget;
			buildConfigurationList = E3C13A8119F5634B009B0BE3 /* Build configuration list for PBXNativeTarget "Vector Toolkit Tests" */;
			buildPhases = (
				E3C13A7619F5634B009B0BE3 /* Sources */,
				E3C13A7719F5634B009B0BE3 /* Frameworks */,
				E3C13A7819F5634B009B0BE3 /* CopyFiles */,
			);
			buildRules = (
			);
			dependencies = (
			);
			name = "Vector Toolkit Tests";
			productName = "Vector Toolkit Tests";
			productReference = E3C13A7A19F5634B009B0BE3 /* Vector Toolkit Tests */;
			productType = "com.apple.product-type.tool";
		};
/* End PBXNativeTarget section */

/* Begin PBXProject section */
		E3C13A7219F5634B009B0BE3 /* Project object */ = {
			isa = PBXProject;
			attributes = {
				LastUpgradeCheck = 0600;
				ORGANIZATIONNAME = adamstark;
				TargetAttributes = {
					E3C13A7919F5634B009B0BE3 = {
						CreatedOnToolsVersion = 6.0.1;
					};
				};
			};
			buildConfigurationList = E3C13A7519F5634B009B0BE3 /* Build configuration list for PBXProject "Vector Toolkit Tests" */;
			compatibilityVersion = "Xcode 3.2";
			developmentRegion = English;
			hasScannedForEncodings = 0;
			knownRegions = (
				en,
			);
			mainGroup = E3C13A7119F5634B009B0BE3;
			productRefGroup = E3C13A7B19F5634B009B0BE3 /* Products */;
			projectDirPath = "";
			projectRoot = "";
			targets = (
				E3C13A7919F5634B009B0BE3 /* Vector Toolkit Tests */,
			);
		};
/* End PBXProject section */

/* Begin PBXSourcesBuildPhase section */
		E3C13A7619F5634B009B0BE3 /* Sources */ = {
			isa = PBXSourcesBuildPhase;
			buildActionMask = 2147483647;
			files = (
				E3DEAC1D19FAFFF4006E94B0 /* OperationsThatReturnVectors.cpp in Sources */,
				E30E400619F791E100220F56 /* QuickVectorCreationTests.cpp in Sources */,
				E3C13A7E19F5634B009B0BE3 /* main.cpp in Sources */,
				E3DEAC1F19FB05CD006E94B0 /* VectorStatisticsTests.cpp in Sources */,
				E30E400819F79A9200220F56 /* BooleanFunctionTests.cpp in Sources */,
				E3C9AA2B19F7BA5C00F595C3 /* MaximaAndMinimaTests.cpp in Sources */,
				E3C13A8719F56378009B0BE3 /* VectorToolkit.cpp in Sources */,
				E324175819F7F8AA00625E21 /* UsefulFunctions.cpp in Sources */,
				E30B986619F9777800624663 /* InPlaceOperationsTests.cpp in Sources */,
				E324175B19F7FA5200625E21 /* DistancesAndSimilarityTests.cpp in Sources */,
			);
			runOnlyForDeploymentPostprocessing = 0;
		};
/* End PBXSourcesBuildPhase section */

/* Begin XCBuildConfiguration section */
		E3C13A7F19F5634B009B0BE3 /* Debug */ = {
			isa = XCBuildConfiguration;
			buildSettings = {
				ALWAYS_SEARCH_USER_PATHS = NO;
				CLANG_CXX_LANGUAGE_STANDARD = "gnu++0x";
				CLANG_CXX_LIBRARY = "libc++";
				CLANG_ENABLE_MODULES = YES;
				CLANG_ENABLE_OBJC_ARC = YES;
				CLANG_WARN_BOOL_CONVERSION = YES;
				CLANG_WARN_CONSTANT_CONVERSION = YES;
				CLANG_WARN_DIRECT_OBJC_ISA_USAGE = YES_ERROR;
				CLANG_WARN_EMPTY_BODY = YES;
				CLANG_WARN_ENUM_CONVERSION = YES;
				CLANG_WARN_INT_CONVERSION = YES;
				CLANG_WARN_OBJC_ROOT_CLASS = YES_ERROR;
				CLANG_WARN_UNREACHABLE_CODE = YES;
				CLANG_WARN__DUPLICATE_METHOD_MATCH = YES;
				COPY_PHASE_STRIP = NO;
				ENABLE_STRICT_OBJC_MSGSEND = YES;
				GCC_C_LANGUAGE_STANDARD = gnu99;
				GCC_DYNAMIC_NO_PIC = NO;
				GCC_OPTIMIZATION_LEVEL = 0;
				GCC_PREPROCESSOR_DEFINITIONS = (
					"DEBUG=1",
					"$(inherited)",
				);
				GCC_SYMBOLS_PRIVATE_EXTERN = NO;
				GCC_WARN_64_TO_32_BIT_CONVERSION = YES;
				GCC_WARN_ABOUT_RETURN_TYPE = YES_ERROR;
				GCC_WARN_UNDECLARED_SELECTOR = YES;
				GCC_WARN_UNINITIALIZED_AUTOS = YES_AGGRESSIVE;
				GCC_WARN_UNUSED_FUNCTION = YES;
				GCC_WARN_UNUSED_VARIABLE = YES;
				MACOSX_DEPLOYMENT_TARGET = 10.10;
				MTL_ENABLE_DEBUG_INFO = YES;
				ONLY_ACTIVE_ARCH = YES;
				SDKROOT = macosx;
			};
			name = Debug;
		};
		E3C13A8019F5634B009B0BE3 /* Release */ = {
			isa = XCBuildConfiguration;
			buildSettings = {
				ALWAYS_SEARCH_USER_PATHS = NO;
				CLANG_CXX_LANGUAGE_STANDARD = "gnu++0x";
				CLANG_CXX_LIBRARY = "libc++";
				CLANG_ENABLE_MODULES = YES;
				CLANG_ENABLE_OBJC_ARC = YES;
				CLANG_WARN_BOOL_CONVERSION = YES;
				CLANG_WARN_CONSTANT_CONVERSION = YES;
				CLANG_WARN_DIRECT_OBJC_ISA_USAGE = YES_ERROR;
				CLANG_WARN_EMPTY_BODY = YES;
				CLANG_WARN_ENUM_CONVERSION = YES;
				CLANG_WARN_INT_CONVERSION = YES;
				CLANG_WARN_OBJC_ROOT_CLASS = YES_ERROR;
				CLANG_WARN_UNREACHABLE_CODE = YES;
				CLANG_WARN__DUPLICATE_METHOD_MATCH = YES;
				COPY_PHASE_STRIP = YES;
				DEBUG_INFORMATION_FORMAT = "dwarf-with-dsym";
				ENABLE_NS_ASSERTIONS = NO;
				ENABLE_STRICT_OBJC_MSGSEND = YES;
				GCC_C_LANGUAGE_STANDARD = gnu99;
				GCC_WARN_64_TO_32_BIT_CONVERSION = YES;
				GCC_WARN_ABOUT_RETURN_TYPE = YES_ERROR;
				GCC_WARN_UNDECLARED_SELECTOR = YES;
				GCC_WARN_UNINITIALIZED_AUTOS = YES_AGGRESSIVE;
				GCC_WARN_UNUSED_FUNCTION = YES;
				GCC_WARN_UNUSED_VARIABLE = YES;
				MACOSX_DEPLOYMENT_TARGET = 10.10;
				MTL_ENABLE_DEBUG_INFO = NO;
				SDKROOT = macosx;
			};
			name = Release;
		};
		E3C13A8219F5634B009B0BE3 /* Debug */ = {
			isa = XCBuildConfiguration;
			buildSettings = {
				HEADER_SEARCH_PATHS = (
					"$(inherited)",
					/Applications/Xcode.app/Contents/Developer/Toolchains/XcodeDefault.xctoolchain/usr/include,
					/usr/local/include,
				);
				LIBRARY_SEARCH_PATHS = /usr/local/lib;
				OTHER_LDFLAGS = "-lboost_unit_test_framework";
				PRODUCT_NAME = "$(TARGET_NAME)";
			};
			name = Debug;
		};
		E3C13A8319F5634B009B0BE3 /* Release */ = {
			isa = XCBuildConfiguration;
			buildSettings = {
				HEADER_SEARCH_PATHS = (
					"$(inherited)",
					/Applications/Xcode.app/Contents/Developer/Toolchains/XcodeDefault.xctoolchain/usr/include,
					/usr/local/include,
				);
				LIBRARY_SEARCH_PATHS = /usr/local/lib;
				OTHER_LDFLAGS = "-lboost_unit_test_framework";
				PRODUCT_NAME = "$(TARGET_NAME)";
			};
			name = Release;
		};
/* End XCBuildConfiguration section */

/* Begin XCConfigurationList section */
		E3C13A7519F5634B009B0BE3 /* Build configuration list for PBXProject "Vector Toolkit Tests" */ = {
			isa = XCConfigurationList;
			buildConfigurations = (
				E3C13A7F19F5634B009B0BE3 /* Debug */,
				E3C13A8019F5634B009B0BE3 /* Release */,
			);
			defaultConfigurationIsVisible = 0;
			defaultConfigurationName = Release;
		};
		E3C13A8119F5634B009B0BE3 /* Build configuration list for PBXNativeTarget "Vector Toolkit Tests" */ = {
			isa = XCConfigurationList;
			buildConfigurations = (
				E3C13A8219F5634B009B0BE3 /* Debug */,
				E3C13A8319F5634B009B0BE3 /* Release */,
			);
			defaultConfigurationIsVisible = 0;
			defaultConfigurationName = Release;
		};
/* End XCConfigurationList section */
	};
	rootObject = E3C13A7219F5634B009B0BE3 /* Project object */;
}
